github.com/quanttide/quanttide-course-toolkit/packages/go v0.1.0-alpha.2 h1:HsqTtYOshFDvgCkDkVx+9j81ddRW4Zrz2LLXvR/LahM=
github.com/quanttide/quanttide-course-toolkit/packages/go v0.1.0-alpha.2/go.mod h1:CLGxOmp507k2uaJbznDGkSPZcbpPNi56KR3+C8zACJ0=
github.com/quanttide/quanttide-course-toolkit/packages/go v0.1.0-alpha.3 h1:foyWF7V1fNwknuhnf5e2yBlgaWgVZztgGVYX/pJQZ5U=
github.com/quanttide/quanttide-course-toolkit/packages/go v0.1.0-alpha.3/go.mod h1:CLGxOmp507k2uaJbznDGkSPZcbpPNi56KR3+C8zACJ0=
